{
  "version": 4,
  "terraform_version": "1.3.1",
  "serial": 20,
  "lineage": "ddf7df04-ab76-739b-8537-048e50632552",
  "outputs": {
    "public_ip": {
      "value": "34.88.92.73",
      "type": "string"
    },
    "vm_name": {
      "value": "exercise-2-vm",
      "type": "string"
    }
  },
  "resources": [
    {
      "mode": "managed",
      "type": "google_compute_network",
      "name": "vpc_network",
      "provider": "provider[\"registry.terraform.io/hashicorp/google\"]",
      "instances": [
        {
          "schema_version": 0,
          "attributes": {
            "auto_create_subnetworks": true,
            "delete_default_routes_on_create": false,
            "description": "",
            "gateway_ipv4": "",
            "id": "projects/newtest-363815/global/networks/terraform-network",
            "ipv4_range": null,
            "name": "terraform-network",
            "project": "newtest-363815",
            "routing_mode": "REGIONAL",
            "self_link": "https://www.googleapis.com/compute/v1/projects/newtest-363815/global/networks/terraform-network",
            "timeouts": null
          },
          "sensitive_attributes": [],
          "private": "eyJlMmJmYjczMC1lY2FhLTExZTYtOGY4OC0zNDM2M2JjN2M0YzAiOnsiY3JlYXRlIjoyNDAwMDAwMDAwMDAsImRlbGV0ZSI6MjQwMDAwMDAwMDAwLCJ1cGRhdGUiOjI0MDAwMDAwMDAwMH19"
        }
      ]
    }
  ],
  "check_results": []
}
